{
  "name": "NetworkGrasp",
  "version": "1.0.0",
  "lockfileVersion": 1,
  "requires": true,
  "dependencies": {
    "chart.js": {
      "version": "3.3.2",
      "resolved": "https://registry.npmjs.org/chart.js/-/chart.js-3.3.2.tgz",
      "integrity": "sha512-H0hSO7xqTIrwxoACqnSoNromEMfXvfuVnrbuSt2TuXfBDDofbnto4zuZlRtRvC73/b37q3wGAWZyUU41QPvNbA=="
    },
    "vis-timeline": {
      "version": "7.4.8",
      "resolved": "https://registry.npmjs.org/vis-timeline/-/vis-timeline-7.4.8.tgz",
      "integrity": "sha512-pTsSc/K2gauX0ENWjpY0YynaZok8FafM6x3DzCy4KZ+INjO+EYCk97KMPfCE9HzRTWpBTP7snW1RAUj6kJUg4A=="
    }
  }
}
